filippo.io/edwards25519 v1.2.0 h1:crnVqOiS4jqYleHd9vaKZ+HKtHfllngJIiOpNpoJsjo=
filippo.io/edwards25519 v1.2.0/go.mod h1:xzAOLCNug/yB62zG1bQ8uziwrIqIuxhctzJT18Q77mc=
github.com/go-sql-driver/mysql v1.10.1 h1:arlSnNLq6a5yxGxV7qg9lF4j0C+KwD6NbQyKr9QL6ME=
github.com/go-sql-driver/mysql v1.10.1/go.mod h1:M+cqaI7+xxXGG9swrdeUIoPG3Y3KCkF0pZej+SK+nWk=
github.com/kr9ly/sqlshape/mysqltest/v2 v2.0.0-rc.2 h1:XAZTd0FxmvZNA+/FbIw8mLKADI6zYl8mi3zVLcaqvCM=
github.com/kr9ly/sqlshape/mysqltest/v2 v2.0.0-rc.2/go.mod h1:p3sl/SdLlmsZvh6h3Mn5gZcng0O39YGz/Zz9jHazR9s=
github.com/kr9ly/sqlshape/v2 v2.0.0-rc.2 h1:BJLzDY0RI2+U3qcnyuRa6uLktWF+QdaEG2jmytF8Voc=
github.com/kr9ly/sqlshape/v2 v2.0.0-rc.2/go.mod h1:qMnSUVDy+MMtTjCCBq8TKTyPgLvzFCbvawmWFEiix8s=
