filippo.io/edwards25519 v1.2.0 h1:crnVqOiS4jqYleHd9vaKZ+HKtHfllngJIiOpNpoJsjo=
filippo.io/edwards25519 v1.2.0/go.mod h1:xzAOLCNug/yB62zG1bQ8uziwrIqIuxhctzJT18Q77mc=
github.com/go-sql-driver/mysql v1.10.1 h1:arlSnNLq6a5yxGxV7qg9lF4j0C+KwD6NbQyKr9QL6ME=
github.com/go-sql-driver/mysql v1.10.1/go.mod h1:M+cqaI7+xxXGG9swrdeUIoPG3Y3KCkF0pZej+SK+nWk=
github.com/kr9ly/sqlshape/mysqltest/v2 v2.0.1 h1:NZ+iMiqV/bfLYS7QLcDAkw8dC4bZ9faKxLAtFHWKbTk=
github.com/kr9ly/sqlshape/mysqltest/v2 v2.0.1/go.mod h1:t4XcDTYCUAAZJ0wU+xJqw4dMKjvEGBkWFV1IzFaoTUI=
github.com/kr9ly/sqlshape/v2 v2.0.1 h1:Rn0MCFOaO6PgGBB0RU4ed7T1SFeDwnQU6IPWzguU9Dw=
github.com/kr9ly/sqlshape/v2 v2.0.1/go.mod h1:qMnSUVDy+MMtTjCCBq8TKTyPgLvzFCbvawmWFEiix8s=
