filippo.io/edwards25519 v1.2.0 h1:crnVqOiS4jqYleHd9vaKZ+HKtHfllngJIiOpNpoJsjo=
filippo.io/edwards25519 v1.2.0/go.mod h1:xzAOLCNug/yB62zG1bQ8uziwrIqIuxhctzJT18Q77mc=
github.com/go-sql-driver/mysql v1.10.1 h1:arlSnNLq6a5yxGxV7qg9lF4j0C+KwD6NbQyKr9QL6ME=
github.com/go-sql-driver/mysql v1.10.1/go.mod h1:M+cqaI7+xxXGG9swrdeUIoPG3Y3KCkF0pZej+SK+nWk=
github.com/kr9ly/sqlshape/v2 v2.0.0-rc.1 h1:x0a2eBn5DMpbw03ekAniZqF156re41qLMPTnR/2oza0=
github.com/kr9ly/sqlshape/v2 v2.0.0-rc.1/go.mod h1:qMnSUVDy+MMtTjCCBq8TKTyPgLvzFCbvawmWFEiix8s=
github.com/tetratelabs/wazero v1.12.0 h1:DuWcpNu/FzgEXgGBDp8J1Spc+CWOvvtvVyjKlaZopYU=
github.com/tetratelabs/wazero v1.12.0/go.mod h1:LvKtzl2RqO4gyF27BiXU+nKAjcV8f38U+kP/q2vgxh0=
golang.org/x/sys v0.47.0 h1:o7XGOvZQCADBQQ4Y7VNq2dRWQR7JmOUW8Kxx4ZsNgWs=
golang.org/x/sys v0.47.0/go.mod h1:4GL1E5IUh+htKOUEOaiffhrAeqysfVGipDYzABqnCmw=
